
Microsoft Visual Studio Solution File, Format Version 12.00
# Visual Studio Version 17
VisualStudioVersion = 17.14.37614.0 d17.14
MinimumVisualStudioVersion = 10.0.40219.1
Project("{E24C65DC-7377-472B-9ABA-BC803B73C61A}") = "GuyTidharFootballBet", "GuyTidharFootballBet\", "{EEB4B393-A3DF-C5AA-EA00-BC0B9A43CD52}"
	ProjectSection(WebsiteProperties) = preProject
		TargetFrameworkMoniker = ".NETFramework,Version%3Dv4.8"
		Debug.AspNetCompiler.VirtualPath = "/localhost_58554"
		Debug.AspNetCompiler.PhysicalPath = "GuyTidharFootballBet\"
		Debug.AspNetCompiler.TargetPath = "PrecompiledWeb\localhost_58554\"
		Debug.AspNetCompiler.Updateable = "true"
		Debug.AspNetCompiler.ForceOverwrite = "true"
		Debug.AspNetCompiler.FixedNames = "false"
		Debug.AspNetCompiler.Debug = "True"
		Release.AspNetCompiler.VirtualPath = "/localhost_58554"
		Release.AspNetCompiler.PhysicalPath = "GuyTidharFootballBet\"
		Release.AspNetCompiler.TargetPath = "PrecompiledWeb\localhost_58554\"
		Release.AspNetCompiler.Updateable = "true"
		Release.AspNetCompiler.ForceOverwrite = "true"
		Release.AspNetCompiler.FixedNames = "false"
		Release.AspNetCompiler.Debug = "False"
		VWDPort = "58554"
		SlnRelativePath = "GuyTidharFootballBet\"
		DefaultWebSiteLanguage = "Visual C#"
	EndProjectSection
EndProject
Global
	GlobalSection(SolutionConfigurationPlatforms) = preSolution
		Debug|Any CPU = Debug|Any CPU
	EndGlobalSection
	GlobalSection(ProjectConfigurationPlatforms) = postSolution
		{EEB4B393-A3DF-C5AA-EA00-BC0B9A43CD52}.Debug|Any CPU.ActiveCfg = Debug|Any CPU
		{EEB4B393-A3DF-C5AA-EA00-BC0B9A43CD52}.Debug|Any CPU.Build.0 = Debug|Any CPU
	EndGlobalSection
	GlobalSection(SolutionProperties) = preSolution
		HideSolutionNode = FALSE
	EndGlobalSection
	GlobalSection(ExtensibilityGlobals) = postSolution
		SolutionGuid = {1D8D9975-7A8E-4431-A0B3-BFB9C9C07E3E}
	EndGlobalSection
EndGlobal
